{
  "name": "sllbc",
  "version": "1.0.0",
  "lockfileVersion": 1,
  "requires": true,
  "dependencies": {
    "moment": {
      "version": "2.24.0",
      "resolved": "https://registry.npm.taobao.org/moment/download/moment-2.24.0.tgz"
    },
    "moment-timezone": {
      "version": "0.5.27",
      "resolved": "https://registry.npm.taobao.org/moment-timezone/download/moment-timezone-0.5.27.tgz",
      "integrity": "sha1-c63sgTm2/jBFLnjyEPJ7HzRriHc=",
      "requires": {
        "moment": ">= 2.9.0"
      }
    }
  }
}
